
Microsoft Visual Studio Solution File, Format Version 12.00
# Visual Studio Version 16
VisualStudioVersion = 16.0.30204.135
MinimumVisualStudioVersion = 10.0.40219.1
Project("{FAE04EC0-301F-11D3-BF4B-00C04F79EFBC}") = "CountRealNumbers", "CountRealNumbers\CountRealNumbers.csproj", "{7B756E8A-F4AC-4EC3-B98E-67C3BFBDEDEC}"
EndProject
Project("{FAE04EC0-301F-11D3-BF4B-00C04F79EFBC}") = "oddOccurrences", "oddOccurence\oddOccurrences.csproj", "{03C0A68B-2CD2-4948-AA2F-C57416474F7C}"
EndProject
Project("{FAE04EC0-301F-11D3-BF4B-00C04F79EFBC}") = "wordSynonyms", "wordSynonyms\wordSynonyms.csproj", "{26D2D9A5-F46F-42C2-A658-1AAEF1AC810D}"
EndProject
Project("{FAE04EC0-301F-11D3-BF4B-00C04F79EFBC}") = "largestThreeNumbers", "largestThreeNumbers\largestThreeNumbers.csproj", "{58358454-A81A-4201-BFD5-F45487896449}"
EndProject
Project("{FAE04EC0-301F-11D3-BF4B-00C04F79EFBC}") = "wordFilter", "wordFilter\wordFilter.csproj", "{E50D3F0B-E2E7-4415-86EA-7062D85AD6C5}"
EndProject
Project("{FAE04EC0-301F-11D3-BF4B-00C04F79EFBC}") = "countCharsInString", "countCharsInString\countCharsInString.csproj", "{EF8F536C-AFBC-4E69-8763-70EBDA2DF0FC}"
EndProject
Project("{FAE04EC0-301F-11D3-BF4B-00C04F79EFBC}") = "minerTask", "minerTask\minerTask.csproj", "{A0BFF16C-6BB6-40CC-B341-F4157DAAA850}"
EndProject
Project("{FAE04EC0-301F-11D3-BF4B-00C04F79EFBC}") = "legendaryFarming", "legendaryFarming\legendaryFarming.csproj", "{681EA680-6132-434A-B822-57D4E7884DB8}"
EndProject
Project("{FAE04EC0-301F-11D3-BF4B-00C04F79EFBC}") = "orders", "orders\orders.csproj", "{5F35B5C0-EE51-4DF8-B6CB-AD848BB1F557}"
EndProject
Project("{FAE04EC0-301F-11D3-BF4B-00C04F79EFBC}") = "forceBook", "forceBook\forceBook.csproj", "{D1856617-F1AA-498B-87D2-BA91124BAEA9}"
EndProject
Project("{FAE04EC0-301F-11D3-BF4B-00C04F79EFBC}") = "softuniParking", "softuniParking\softuniParking.csproj", "{82CACC86-9C09-413B-89C0-8B340AD53C5A}"
EndProject
Project("{FAE04EC0-301F-11D3-BF4B-00C04F79EFBC}") = "courses", "courses\courses.csproj", "{0C871375-63C2-4751-81A3-F43E72566656}"
EndProject
Project("{FAE04EC0-301F-11D3-BF4B-00C04F79EFBC}") = "studentAcademy", "studentAcademy\studentAcademy.csproj", "{9DABCC72-F8FB-4674-ABDD-47BD27E6AEF1}"
EndProject
Project("{FAE04EC0-301F-11D3-BF4B-00C04F79EFBC}") = "companyUsers", "companyUsers\companyUsers.csproj", "{8E8873E9-A0BE-46AB-9F10-586CE605DA73}"
EndProject
Project("{FAE04EC0-301F-11D3-BF4B-00C04F79EFBC}") = "archeryTournaments222", "archeryTournaments222\archeryTournaments222.csproj", "{6782EC5E-23B0-4FA2-846B-6D19CB27A1EA}"
EndProject
Project("{FAE04EC0-301F-11D3-BF4B-00C04F79EFBC}") = "schoolLibrary", "schoolLibrary\schoolLibrary.csproj", "{2FC417EE-5357-4884-8528-27669898A4F9}"
EndProject
Project("{FAE04EC0-301F-11D3-BF4B-00C04F79EFBC}") = "theFinalQuest222", "theFinalQuest222\theFinalQuest222.csproj", "{B8656B9F-57C6-4C6C-BE5B-D5BD5549B1A0}"
EndProject
Project("{9A19103F-16F7-4668-BE54-9A1E7A4F7556}") = "theFinalQuest", "..\MidExamFund\theFinalQuest\theFinalQuest.csproj", "{828100BC-EC1A-429B-947E-D3F0912FEF97}"
EndProject
Global
	GlobalSection(SolutionConfigurationPlatforms) = preSolution
		Debug|Any CPU = Debug|Any CPU
		Release|Any CPU = Release|Any CPU
	EndGlobalSection
	GlobalSection(ProjectConfigurationPlatforms) = postSolution
		{7B756E8A-F4AC-4EC3-B98E-67C3BFBDEDEC}.Debug|Any CPU.ActiveCfg = Debug|Any CPU
		{7B756E8A-F4AC-4EC3-B98E-67C3BFBDEDEC}.Debug|Any CPU.Build.0 = Debug|Any CPU
		{7B756E8A-F4AC-4EC3-B98E-67C3BFBDEDEC}.Release|Any CPU.ActiveCfg = Release|Any CPU
		{7B756E8A-F4AC-4EC3-B98E-67C3BFBDEDEC}.Release|Any CPU.Build.0 = Release|Any CPU
		{03C0A68B-2CD2-4948-AA2F-C57416474F7C}.Debug|Any CPU.ActiveCfg = Debug|Any CPU
		{03C0A68B-2CD2-4948-AA2F-C57416474F7C}.Debug|Any CPU.Build.0 = Debug|Any CPU
		{03C0A68B-2CD2-4948-AA2F-C57416474F7C}.Release|Any CPU.ActiveCfg = Release|Any CPU
		{03C0A68B-2CD2-4948-AA2F-C57416474F7C}.Release|Any CPU.Build.0 = Release|Any CPU
		{26D2D9A5-F46F-42C2-A658-1AAEF1AC810D}.Debug|Any CPU.ActiveCfg = Debug|Any CPU
		{26D2D9A5-F46F-42C2-A658-1AAEF1AC810D}.Debug|Any CPU.Build.0 = Debug|Any CPU
		{26D2D9A5-F46F-42C2-A658-1AAEF1AC810D}.Release|Any CPU.ActiveCfg = Release|Any CPU
		{26D2D9A5-F46F-42C2-A658-1AAEF1AC810D}.Release|Any CPU.Build.0 = Release|Any CPU
		{58358454-A81A-4201-BFD5-F45487896449}.Debug|Any CPU.ActiveCfg = Debug|Any CPU
		{58358454-A81A-4201-BFD5-F45487896449}.Debug|Any CPU.Build.0 = Debug|Any CPU
		{58358454-A81A-4201-BFD5-F45487896449}.Release|Any CPU.ActiveCfg = Release|Any CPU
		{58358454-A81A-4201-BFD5-F45487896449}.Release|Any CPU.Build.0 = Release|Any CPU
		{E50D3F0B-E2E7-4415-86EA-7062D85AD6C5}.Debug|Any CPU.ActiveCfg = Debug|Any CPU
		{E50D3F0B-E2E7-4415-86EA-7062D85AD6C5}.Debug|Any CPU.Build.0 = Debug|Any CPU
		{E50D3F0B-E2E7-4415-86EA-7062D85AD6C5}.Release|Any CPU.ActiveCfg = Release|Any CPU
		{E50D3F0B-E2E7-4415-86EA-7062D85AD6C5}.Release|Any CPU.Build.0 = Release|Any CPU
		{EF8F536C-AFBC-4E69-8763-70EBDA2DF0FC}.Debug|Any CPU.ActiveCfg = Debug|Any CPU
		{EF8F536C-AFBC-4E69-8763-70EBDA2DF0FC}.Debug|Any CPU.Build.0 = Debug|Any CPU
		{EF8F536C-AFBC-4E69-8763-70EBDA2DF0FC}.Release|Any CPU.ActiveCfg = Release|Any CPU
		{EF8F536C-AFBC-4E69-8763-70EBDA2DF0FC}.Release|Any CPU.Build.0 = Release|Any CPU
		{A0BFF16C-6BB6-40CC-B341-F4157DAAA850}.Debug|Any CPU.ActiveCfg = Debug|Any CPU
		{A0BFF16C-6BB6-40CC-B341-F4157DAAA850}.Debug|Any CPU.Build.0 = Debug|Any CPU
		{A0BFF16C-6BB6-40CC-B341-F4157DAAA850}.Release|Any CPU.ActiveCfg = Release|Any CPU
		{A0BFF16C-6BB6-40CC-B341-F4157DAAA850}.Release|Any CPU.Build.0 = Release|Any CPU
		{681EA680-6132-434A-B822-57D4E7884DB8}.Debug|Any CPU.ActiveCfg = Debug|Any CPU
		{681EA680-6132-434A-B822-57D4E7884DB8}.Debug|Any CPU.Build.0 = Debug|Any CPU
		{681EA680-6132-434A-B822-57D4E7884DB8}.Release|Any CPU.ActiveCfg = Release|Any CPU
		{681EA680-6132-434A-B822-57D4E7884DB8}.Release|Any CPU.Build.0 = Release|Any CPU
		{5F35B5C0-EE51-4DF8-B6CB-AD848BB1F557}.Debug|Any CPU.ActiveCfg = Debug|Any CPU
		{5F35B5C0-EE51-4DF8-B6CB-AD848BB1F557}.Debug|Any CPU.Build.0 = Debug|Any CPU
		{5F35B5C0-EE51-4DF8-B6CB-AD848BB1F557}.Release|Any CPU.ActiveCfg = Release|Any CPU
		{5F35B5C0-EE51-4DF8-B6CB-AD848BB1F557}.Release|Any CPU.Build.0 = Release|Any CPU
		{D1856617-F1AA-498B-87D2-BA91124BAEA9}.Debug|Any CPU.ActiveCfg = Debug|Any CPU
		{D1856617-F1AA-498B-87D2-BA91124BAEA9}.Debug|Any CPU.Build.0 = Debug|Any CPU
		{D1856617-F1AA-498B-87D2-BA91124BAEA9}.Release|Any CPU.ActiveCfg = Release|Any CPU
		{D1856617-F1AA-498B-87D2-BA91124BAEA9}.Release|Any CPU.Build.0 = Release|Any CPU
		{82CACC86-9C09-413B-89C0-8B340AD53C5A}.Debug|Any CPU.ActiveCfg = Debug|Any CPU
		{82CACC86-9C09-413B-89C0-8B340AD53C5A}.Debug|Any CPU.Build.0 = Debug|Any CPU
		{82CACC86-9C09-413B-89C0-8B340AD53C5A}.Release|Any CPU.ActiveCfg = Release|Any CPU
		{82CACC86-9C09-413B-89C0-8B340AD53C5A}.Release|Any CPU.Build.0 = Release|Any CPU
		{0C871375-63C2-4751-81A3-F43E72566656}.Debug|Any CPU.ActiveCfg = Debug|Any CPU
		{0C871375-63C2-4751-81A3-F43E72566656}.Debug|Any CPU.Build.0 = Debug|Any CPU
		{0C871375-63C2-4751-81A3-F43E72566656}.Release|Any CPU.ActiveCfg = Release|Any CPU
		{0C871375-63C2-4751-81A3-F43E72566656}.Release|Any CPU.Build.0 = Release|Any CPU
		{9DABCC72-F8FB-4674-ABDD-47BD27E6AEF1}.Debug|Any CPU.ActiveCfg = Debug|Any CPU
		{9DABCC72-F8FB-4674-ABDD-47BD27E6AEF1}.Debug|Any CPU.Build.0 = Debug|Any CPU
		{9DABCC72-F8FB-4674-ABDD-47BD27E6AEF1}.Release|Any CPU.ActiveCfg = Release|Any CPU
		{9DABCC72-F8FB-4674-ABDD-47BD27E6AEF1}.Release|Any CPU.Build.0 = Release|Any CPU
		{8E8873E9-A0BE-46AB-9F10-586CE605DA73}.Debug|Any CPU.ActiveCfg = Debug|Any CPU
		{8E8873E9-A0BE-46AB-9F10-586CE605DA73}.Debug|Any CPU.Build.0 = Debug|Any CPU
		{8E8873E9-A0BE-46AB-9F10-586CE605DA73}.Release|Any CPU.ActiveCfg = Release|Any CPU
		{8E8873E9-A0BE-46AB-9F10-586CE605DA73}.Release|Any CPU.Build.0 = Release|Any CPU
		{6782EC5E-23B0-4FA2-846B-6D19CB27A1EA}.Debug|Any CPU.ActiveCfg = Debug|Any CPU
		{6782EC5E-23B0-4FA2-846B-6D19CB27A1EA}.Debug|Any CPU.Build.0 = Debug|Any CPU
		{6782EC5E-23B0-4FA2-846B-6D19CB27A1EA}.Release|Any CPU.ActiveCfg = Release|Any CPU
		{6782EC5E-23B0-4FA2-846B-6D19CB27A1EA}.Release|Any CPU.Build.0 = Release|Any CPU
		{2FC417EE-5357-4884-8528-27669898A4F9}.Debug|Any CPU.ActiveCfg = Debug|Any CPU
		{2FC417EE-5357-4884-8528-27669898A4F9}.Debug|Any CPU.Build.0 = Debug|Any CPU
		{2FC417EE-5357-4884-8528-27669898A4F9}.Release|Any CPU.ActiveCfg = Release|Any CPU
		{2FC417EE-5357-4884-8528-27669898A4F9}.Release|Any CPU.Build.0 = Release|Any CPU
		{B8656B9F-57C6-4C6C-BE5B-D5BD5549B1A0}.Debug|Any CPU.ActiveCfg = Debug|Any CPU
		{B8656B9F-57C6-4C6C-BE5B-D5BD5549B1A0}.Debug|Any CPU.Build.0 = Debug|Any CPU
		{B8656B9F-57C6-4C6C-BE5B-D5BD5549B1A0}.Release|Any CPU.ActiveCfg = Release|Any CPU
		{B8656B9F-57C6-4C6C-BE5B-D5BD5549B1A0}.Release|Any CPU.Build.0 = Release|Any CPU
		{828100BC-EC1A-429B-947E-D3F0912FEF97}.Debug|Any CPU.ActiveCfg = Debug|Any CPU
		{828100BC-EC1A-429B-947E-D3F0912FEF97}.Debug|Any CPU.Build.0 = Debug|Any CPU
		{828100BC-EC1A-429B-947E-D3F0912FEF97}.Release|Any CPU.ActiveCfg = Release|Any CPU
		{828100BC-EC1A-429B-947E-D3F0912FEF97}.Release|Any CPU.Build.0 = Release|Any CPU
	EndGlobalSection
	GlobalSection(SolutionProperties) = preSolution
		HideSolutionNode = FALSE
	EndGlobalSection
	GlobalSection(ExtensibilityGlobals) = postSolution
		SolutionGuid = {E976B13A-3502-4613-8780-4136DB2FAB1E}
	EndGlobalSection
EndGlobal
